
Microsoft Visual Studio Solution File, Format Version 12.00
Project("{FAE04EC0-301F-11D3-BF4B-00C04F79EFBC}") = "MenuReRender", "MenuReRender.csproj", "{868638BD-160F-42B5-8F87-C3032E59054B}"
EndProject
Global
	GlobalSection(SolutionConfigurationPlatforms) = preSolution
		Debug|Any CPU = Debug|Any CPU
		Release|Any CPU = Release|Any CPU
	EndGlobalSection
	GlobalSection(ProjectConfigurationPlatforms) = postSolution
		{868638BD-160F-42B5-8F87-C3032E59054B}.Debug|Any CPU.ActiveCfg = Debug|Any CPU
		{868638BD-160F-42B5-8F87-C3032E59054B}.Debug|Any CPU.Build.0 = Debug|Any CPU
		{868638BD-160F-42B5-8F87-C3032E59054B}.Release|Any CPU.ActiveCfg = Release|Any CPU
		{868638BD-160F-42B5-8F87-C3032E59054B}.Release|Any CPU.Build.0 = Release|Any CPU
	EndGlobalSection
EndGlobal
